
Microsoft Visual Studio Solution File, Format Version 12.00
# Visual Studio Version 17
VisualStudioVersion = 17.8.34330.188
MinimumVisualStudioVersion = 10.0.40219.1
Project("{9A19103F-16F7-4668-BE54-9A1E7A4F7556}") = "ex1", "ex1\ex1.csproj", "{15E8C298-5B66-40E9-BCF3-FC5D8A67291D}"
EndProject
Global
	GlobalSection(SolutionConfigurationPlatforms) = preSolution
		Debug|Any CPU = Debug|Any CPU
		Release|Any CPU = Release|Any CPU
	EndGlobalSection
	GlobalSection(ProjectConfigurationPlatforms) = postSolution
		{15E8C298-5B66-40E9-BCF3-FC5D8A67291D}.Debug|Any CPU.ActiveCfg = Debug|Any CPU
		{15E8C298-5B66-40E9-BCF3-FC5D8A67291D}.Debug|Any CPU.Build.0 = Debug|Any CPU
		{15E8C298-5B66-40E9-BCF3-FC5D8A67291D}.Release|Any CPU.ActiveCfg = Release|Any CPU
		{15E8C298-5B66-40E9-BCF3-FC5D8A67291D}.Release|Any CPU.Build.0 = Release|Any CPU
	EndGlobalSection
	GlobalSection(SolutionProperties) = preSolution
		HideSolutionNode = FALSE
	EndGlobalSection
	GlobalSection(ExtensibilityGlobals) = postSolution
		SolutionGuid = {7F90BD2E-BC62-4BC4-A615-5AFAE0330004}
	EndGlobalSection
EndGlobal
